
Microsoft Visual Studio Solution File, Format Version 12.00
# Visual Studio 2013
VisualStudioVersion = 12.0.21005.1
MinimumVisualStudioVersion = 10.0.40219.1
Project("{FAE04EC0-301F-11D3-BF4B-00C04F79EFBC}") = "CraigslistClone.DAL", "CraigslistClone.DAL\CraigslistClone.DAL.csproj", "{661B45F3-7655-4214-A8B9-D3ED89F3E32B}"
EndProject
Project("{FAE04EC0-301F-11D3-BF4B-00C04F79EFBC}") = "CraigslistClone.BLL", "CraigslistClone.BLL\CraigslistClone.BLL.csproj", "{6FB7141B-BC77-40CD-9644-3C7562C47B7A}"
EndProject
Project("{FAE04EC0-301F-11D3-BF4B-00C04F79EFBC}") = "CraigslistClone.ConsoleUI", "CraigslistClone.ConsoleUI\CraigslistClone.ConsoleUI.csproj", "{2983920D-AC0D-4343-83F9-313E5A392483}"
EndProject
Project("{FAE04EC0-301F-11D3-BF4B-00C04F79EFBC}") = "CraigslistClone.UI", "CraigslistClone.UI\CraigslistClone.UI.csproj", "{33FCFAC5-CC1D-40EB-BADD-900807056EA1}"
EndProject
Global
	GlobalSection(SolutionConfigurationPlatforms) = preSolution
		Debug|Any CPU = Debug|Any CPU
		Release|Any CPU = Release|Any CPU
	EndGlobalSection
	GlobalSection(ProjectConfigurationPlatforms) = postSolution
		{661B45F3-7655-4214-A8B9-D3ED89F3E32B}.Debug|Any CPU.ActiveCfg = Debug|Any CPU
		{661B45F3-7655-4214-A8B9-D3ED89F3E32B}.Debug|Any CPU.Build.0 = Debug|Any CPU
		{661B45F3-7655-4214-A8B9-D3ED89F3E32B}.Release|Any CPU.ActiveCfg = Release|Any CPU
		{661B45F3-7655-4214-A8B9-D3ED89F3E32B}.Release|Any CPU.Build.0 = Release|Any CPU
		{6FB7141B-BC77-40CD-9644-3C7562C47B7A}.Debug|Any CPU.ActiveCfg = Debug|Any CPU
		{6FB7141B-BC77-40CD-9644-3C7562C47B7A}.Debug|Any CPU.Build.0 = Debug|Any CPU
		{6FB7141B-BC77-40CD-9644-3C7562C47B7A}.Release|Any CPU.ActiveCfg = Release|Any CPU
		{6FB7141B-BC77-40CD-9644-3C7562C47B7A}.Release|Any CPU.Build.0 = Release|Any CPU
		{2983920D-AC0D-4343-83F9-313E5A392483}.Debug|Any CPU.ActiveCfg = Debug|Any CPU
		{2983920D-AC0D-4343-83F9-313E5A392483}.Debug|Any CPU.Build.0 = Debug|Any CPU
		{2983920D-AC0D-4343-83F9-313E5A392483}.Release|Any CPU.ActiveCfg = Release|Any CPU
		{2983920D-AC0D-4343-83F9-313E5A392483}.Release|Any CPU.Build.0 = Release|Any CPU
		{33FCFAC5-CC1D-40EB-BADD-900807056EA1}.Debug|Any CPU.ActiveCfg = Debug|Any CPU
		{33FCFAC5-CC1D-40EB-BADD-900807056EA1}.Debug|Any CPU.Build.0 = Debug|Any CPU
		{33FCFAC5-CC1D-40EB-BADD-900807056EA1}.Release|Any CPU.ActiveCfg = Release|Any CPU
		{33FCFAC5-CC1D-40EB-BADD-900807056EA1}.Release|Any CPU.Build.0 = Release|Any CPU
	EndGlobalSection
	GlobalSection(SolutionProperties) = preSolution
		HideSolutionNode = FALSE
	EndGlobalSection
EndGlobal
